
Microsoft Visual Studio Solution File, Format Version 12.00
# Visual Studio Version 17
VisualStudioVersion = 17.2.32519.379
MinimumVisualStudioVersion = 10.0.40219.1
Project("{9A19103F-16F7-4668-BE54-9A1E7A4F7556}") = "ChinookCore.Data", "Examples\ChinookCore.Data\ChinookCore.Data.csproj", "{EC104658-8605-48AE-A71C-DEE9B3EE05FD}"
EndProject
Project("{9A19103F-16F7-4668-BE54-9A1E7A4F7556}") = "ChinookCore", "Examples\ChinookCore\ChinookCore.csproj", "{77741EF3-7AED-4B25-8B6E-B7A9DE06F53C}"
EndProject
Project("{9A19103F-16F7-4668-BE54-9A1E7A4F7556}") = "ChinookCore.UnitTest", "Examples\ChinookCore.UnitTest\ChinookCore.UnitTest.csproj", "{3F509C2B-D759-4529-85F5-4802515600F5}"
EndProject
Global
	GlobalSection(SolutionConfigurationPlatforms) = preSolution
		Debug|Any CPU = Debug|Any CPU
		Release|Any CPU = Release|Any CPU
	EndGlobalSection
	GlobalSection(ProjectConfigurationPlatforms) = postSolution
		{EC104658-8605-48AE-A71C-DEE9B3EE05FD}.Debug|Any CPU.ActiveCfg = Debug|Any CPU
		{EC104658-8605-48AE-A71C-DEE9B3EE05FD}.Debug|Any CPU.Build.0 = Debug|Any CPU
		{EC104658-8605-48AE-A71C-DEE9B3EE05FD}.Release|Any CPU.ActiveCfg = Release|Any CPU
		{EC104658-8605-48AE-A71C-DEE9B3EE05FD}.Release|Any CPU.Build.0 = Release|Any CPU
		{77741EF3-7AED-4B25-8B6E-B7A9DE06F53C}.Debug|Any CPU.ActiveCfg = Debug|Any CPU
		{77741EF3-7AED-4B25-8B6E-B7A9DE06F53C}.Debug|Any CPU.Build.0 = Debug|Any CPU
		{77741EF3-7AED-4B25-8B6E-B7A9DE06F53C}.Release|Any CPU.ActiveCfg = Release|Any CPU
		{77741EF3-7AED-4B25-8B6E-B7A9DE06F53C}.Release|Any CPU.Build.0 = Release|Any CPU
		{3F509C2B-D759-4529-85F5-4802515600F5}.Debug|Any CPU.ActiveCfg = Debug|Any CPU
		{3F509C2B-D759-4529-85F5-4802515600F5}.Debug|Any CPU.Build.0 = Debug|Any CPU
		{3F509C2B-D759-4529-85F5-4802515600F5}.Release|Any CPU.ActiveCfg = Release|Any CPU
		{3F509C2B-D759-4529-85F5-4802515600F5}.Release|Any CPU.Build.0 = Release|Any CPU
	EndGlobalSection
	GlobalSection(SolutionProperties) = preSolution
		HideSolutionNode = FALSE
	EndGlobalSection
	GlobalSection(ExtensibilityGlobals) = postSolution
		SolutionGuid = {75246F73-D910-416B-BEC3-9BF6D94CE3C9}
	EndGlobalSection
EndGlobal
