
Microsoft Visual Studio Solution File, Format Version 12.00
# Visual Studio Version 16
VisualStudioVersion = 16.0.31729.503
MinimumVisualStudioVersion = 10.0.40219.1
Project("{9A19103F-16F7-4668-BE54-9A1E7A4F7556}") = "ChinookCore.Data", "Examples\ChinookCore.Data\ChinookCore.Data.csproj", "{33A37BD0-9096-4D15-9D0C-EC122D3DE214}"
EndProject
Project("{9A19103F-16F7-4668-BE54-9A1E7A4F7556}") = "ChinookCore", "Examples\ChinookCore\ChinookCore.csproj", "{6D3240B6-C36B-4521-B549-24FD7D61254F}"
EndProject
Project("{9A19103F-16F7-4668-BE54-9A1E7A4F7556}") = "ChinookCore.UnitTest", "Examples\ChinookCore.UnitTest\ChinookCore.UnitTest.csproj", "{A1819515-B826-431F-91F1-5A00C1760824}"
EndProject
Global
	GlobalSection(SolutionConfigurationPlatforms) = preSolution
		Debug|Any CPU = Debug|Any CPU
		Release|Any CPU = Release|Any CPU
	EndGlobalSection
	GlobalSection(ProjectConfigurationPlatforms) = postSolution
		{33A37BD0-9096-4D15-9D0C-EC122D3DE214}.Debug|Any CPU.ActiveCfg = Debug|Any CPU
		{33A37BD0-9096-4D15-9D0C-EC122D3DE214}.Debug|Any CPU.Build.0 = Debug|Any CPU
		{33A37BD0-9096-4D15-9D0C-EC122D3DE214}.Release|Any CPU.ActiveCfg = Release|Any CPU
		{33A37BD0-9096-4D15-9D0C-EC122D3DE214}.Release|Any CPU.Build.0 = Release|Any CPU
		{6D3240B6-C36B-4521-B549-24FD7D61254F}.Debug|Any CPU.ActiveCfg = Debug|Any CPU
		{6D3240B6-C36B-4521-B549-24FD7D61254F}.Debug|Any CPU.Build.0 = Debug|Any CPU
		{6D3240B6-C36B-4521-B549-24FD7D61254F}.Release|Any CPU.ActiveCfg = Release|Any CPU
		{6D3240B6-C36B-4521-B549-24FD7D61254F}.Release|Any CPU.Build.0 = Release|Any CPU
		{A1819515-B826-431F-91F1-5A00C1760824}.Debug|Any CPU.ActiveCfg = Debug|Any CPU
		{A1819515-B826-431F-91F1-5A00C1760824}.Debug|Any CPU.Build.0 = Debug|Any CPU
		{A1819515-B826-431F-91F1-5A00C1760824}.Release|Any CPU.ActiveCfg = Release|Any CPU
		{A1819515-B826-431F-91F1-5A00C1760824}.Release|Any CPU.Build.0 = Release|Any CPU
	EndGlobalSection
	GlobalSection(SolutionProperties) = preSolution
		HideSolutionNode = FALSE
	EndGlobalSection
	GlobalSection(ExtensibilityGlobals) = postSolution
		SolutionGuid = {EBD71494-19C5-42E9-9763-05F92BDB2C7E}
	EndGlobalSection
EndGlobal
