
Microsoft Visual Studio Solution File, Format Version 12.00
# Visual Studio Version 17
VisualStudioVersion = 17.2.32519.379
MinimumVisualStudioVersion = 10.0.40219.1
Project("{9A19103F-16F7-4668-BE54-9A1E7A4F7556}") = "EFCoreCodeGenerator", "EFCoreCodeGenerator\EFCoreCodeGenerator.csproj", "{6255D760-E490-4139-90F0-EC5ED342BA38}"
EndProject
Project("{9A19103F-16F7-4668-BE54-9A1E7A4F7556}") = "EFCoreCodeGenerator.UnitTest", "EFCoreCodeGenerator.UnitTest\EFCoreCodeGenerator.UnitTest.csproj", "{D86C0F9C-C322-4D7D-8141-FE79A5579051}"
EndProject
Project("{2150E333-8FDC-42A3-9474-1A3956D46DE8}") = "documents", "documents", "{F05E9A56-AE46-4BD1-8353-709C6152D7E1}"
	ProjectSection(SolutionItems) = preProject
		documents\Chinook.sql = documents\Chinook.sql
		README.md = README.md
	EndProjectSection
EndProject
Project("{2150E333-8FDC-42A3-9474-1A3956D46DE8}") = "images", "images", "{25066835-8799-4B0E-9765-CFFE666A096D}"
EndProject
Project("{2150E333-8FDC-42A3-9474-1A3956D46DE8}") = "Examples", "Examples", "{FA9E45A5-E4DB-4ABD-BC1A-94408FB7F1A2}"
EndProject
Project("{2150E333-8FDC-42A3-9474-1A3956D46DE8}") = ".Net48", ".Net48", "{3A47FFB3-2A83-434E-ACED-8910422A27AD}"
EndProject
Project("{2150E333-8FDC-42A3-9474-1A3956D46DE8}") = ".NetCore", ".NetCore", "{AEE2B8FC-5AA9-42BE-B20D-257DF410F16C}"
EndProject
Project("{9A19103F-16F7-4668-BE54-9A1E7A4F7556}") = "Chinook.MP", "D:\git\EFCoreCodeGenerator\Examples\.Net48\Chinook.MP\Chinook.MP.csproj", "{72A89DAA-3D05-4E75-A292-13E93AB2C4D1}"
EndProject
Project("{9A19103F-16F7-4668-BE54-9A1E7A4F7556}") = "Chinook.MP", "D:\git\EFCoreCodeGenerator\Examples\.NetCore\Chinook.MP\Chinook.MP.csproj", "{E72F0425-2B0F-4CC9-AAEA-1B38F18630CD}"
EndProject
Project("{9A19103F-16F7-4668-BE54-9A1E7A4F7556}") = "Chinook.Data", "Examples\.NetCore\Chinook.Data\Chinook.Data.csproj", "{C882941A-31B3-4294-B291-44565637D79B}"
EndProject
Project("{9A19103F-16F7-4668-BE54-9A1E7A4F7556}") = "Chinook.DataUnitTest", "Examples\.NetCore\Chinook.DataUnitTest\Chinook.DataUnitTest.csproj", "{FA74B4EB-A88C-4855-8215-5C5D283E65E3}"
EndProject
Project("{9A19103F-16F7-4668-BE54-9A1E7A4F7556}") = "EFCoreCodeGeneratorV2", "EFCoreCodeGeneratorV2\EFCoreCodeGeneratorV2.csproj", "{7F70B9B9-BE63-4012-8EBF-D158BE01224C}"
EndProject
Global
	GlobalSection(SolutionConfigurationPlatforms) = preSolution
		Debug|Any CPU = Debug|Any CPU
		Release|Any CPU = Release|Any CPU
	EndGlobalSection
	GlobalSection(ProjectConfigurationPlatforms) = postSolution
		{6255D760-E490-4139-90F0-EC5ED342BA38}.Debug|Any CPU.ActiveCfg = Debug|Any CPU
		{6255D760-E490-4139-90F0-EC5ED342BA38}.Release|Any CPU.ActiveCfg = Release|Any CPU
		{6255D760-E490-4139-90F0-EC5ED342BA38}.Release|Any CPU.Build.0 = Release|Any CPU
		{D86C0F9C-C322-4D7D-8141-FE79A5579051}.Debug|Any CPU.ActiveCfg = Debug|Any CPU
		{D86C0F9C-C322-4D7D-8141-FE79A5579051}.Release|Any CPU.ActiveCfg = Release|Any CPU
		{D86C0F9C-C322-4D7D-8141-FE79A5579051}.Release|Any CPU.Build.0 = Release|Any CPU
		{72A89DAA-3D05-4E75-A292-13E93AB2C4D1}.Debug|Any CPU.ActiveCfg = Debug|Any CPU
		{72A89DAA-3D05-4E75-A292-13E93AB2C4D1}.Debug|Any CPU.Build.0 = Debug|Any CPU
		{72A89DAA-3D05-4E75-A292-13E93AB2C4D1}.Release|Any CPU.ActiveCfg = Release|Any CPU
		{72A89DAA-3D05-4E75-A292-13E93AB2C4D1}.Release|Any CPU.Build.0 = Release|Any CPU
		{E72F0425-2B0F-4CC9-AAEA-1B38F18630CD}.Debug|Any CPU.ActiveCfg = Debug|Any CPU
		{E72F0425-2B0F-4CC9-AAEA-1B38F18630CD}.Debug|Any CPU.Build.0 = Debug|Any CPU
		{E72F0425-2B0F-4CC9-AAEA-1B38F18630CD}.Release|Any CPU.ActiveCfg = Release|Any CPU
		{E72F0425-2B0F-4CC9-AAEA-1B38F18630CD}.Release|Any CPU.Build.0 = Release|Any CPU
		{C882941A-31B3-4294-B291-44565637D79B}.Debug|Any CPU.ActiveCfg = Debug|Any CPU
		{C882941A-31B3-4294-B291-44565637D79B}.Debug|Any CPU.Build.0 = Debug|Any CPU
		{C882941A-31B3-4294-B291-44565637D79B}.Release|Any CPU.ActiveCfg = Release|Any CPU
		{C882941A-31B3-4294-B291-44565637D79B}.Release|Any CPU.Build.0 = Release|Any CPU
		{FA74B4EB-A88C-4855-8215-5C5D283E65E3}.Debug|Any CPU.ActiveCfg = Debug|Any CPU
		{FA74B4EB-A88C-4855-8215-5C5D283E65E3}.Debug|Any CPU.Build.0 = Debug|Any CPU
		{FA74B4EB-A88C-4855-8215-5C5D283E65E3}.Release|Any CPU.ActiveCfg = Release|Any CPU
		{FA74B4EB-A88C-4855-8215-5C5D283E65E3}.Release|Any CPU.Build.0 = Release|Any CPU
		{7F70B9B9-BE63-4012-8EBF-D158BE01224C}.Debug|Any CPU.ActiveCfg = Debug|Any CPU
		{7F70B9B9-BE63-4012-8EBF-D158BE01224C}.Debug|Any CPU.Build.0 = Debug|Any CPU
		{7F70B9B9-BE63-4012-8EBF-D158BE01224C}.Release|Any CPU.ActiveCfg = Release|Any CPU
		{7F70B9B9-BE63-4012-8EBF-D158BE01224C}.Release|Any CPU.Build.0 = Release|Any CPU
	EndGlobalSection
	GlobalSection(SolutionProperties) = preSolution
		HideSolutionNode = FALSE
	EndGlobalSection
	GlobalSection(NestedProjects) = preSolution
		{25066835-8799-4B0E-9765-CFFE666A096D} = {F05E9A56-AE46-4BD1-8353-709C6152D7E1}
		{3A47FFB3-2A83-434E-ACED-8910422A27AD} = {FA9E45A5-E4DB-4ABD-BC1A-94408FB7F1A2}
		{AEE2B8FC-5AA9-42BE-B20D-257DF410F16C} = {FA9E45A5-E4DB-4ABD-BC1A-94408FB7F1A2}
		{72A89DAA-3D05-4E75-A292-13E93AB2C4D1} = {3A47FFB3-2A83-434E-ACED-8910422A27AD}
		{E72F0425-2B0F-4CC9-AAEA-1B38F18630CD} = {AEE2B8FC-5AA9-42BE-B20D-257DF410F16C}
		{C882941A-31B3-4294-B291-44565637D79B} = {AEE2B8FC-5AA9-42BE-B20D-257DF410F16C}
		{FA74B4EB-A88C-4855-8215-5C5D283E65E3} = {AEE2B8FC-5AA9-42BE-B20D-257DF410F16C}
	EndGlobalSection
	GlobalSection(ExtensibilityGlobals) = postSolution
		SolutionGuid = {75246F73-D910-416B-BEC3-9BF6D94CE3C9}
	EndGlobalSection
EndGlobal
