
Microsoft Visual Studio Solution File, Format Version 12.00
# Visual Studio Version 16
VisualStudioVersion = 16.0.31019.35
MinimumVisualStudioVersion = 10.0.40219.1
Project("{9A19103F-16F7-4668-BE54-9A1E7A4F7556}") = "EFCoreCodeGenerator", "EFCoreCodeGenerator\EFCoreCodeGenerator.csproj", "{6255D760-E490-4139-90F0-EC5ED342BA38}"
EndProject
Project("{9A19103F-16F7-4668-BE54-9A1E7A4F7556}") = "EFCoreCodeGenerator.UnitTest", "EFCoreCodeGenerator.UnitTest\EFCoreCodeGenerator.UnitTest.csproj", "{D86C0F9C-C322-4D7D-8141-FE79A5579051}"
EndProject
Project("{2150E333-8FDC-42A3-9474-1A3956D46DE8}") = "Examples", "Examples", "{B1863499-44A1-42C3-ADC5-24E1C6648D14}"
EndProject
Project("{2150E333-8FDC-42A3-9474-1A3956D46DE8}") = "DotNetCore", "DotNetCore", "{3B954EAA-ED99-4449-B6AB-98FB940A1BF8}"
EndProject
Project("{2150E333-8FDC-42A3-9474-1A3956D46DE8}") = "DotNetFramework", "DotNetFramework", "{01950B58-66E9-4C44-8463-E2D7D68B8278}"
EndProject
Project("{FAE04EC0-301F-11D3-BF4B-00C04F79EFBC}") = "ChinookCore.Data", "Examples\DotNetCore\ChinookCore.Data\ChinookCore.Data.csproj", "{888C4B06-B330-4BD9-91CB-D0444312E2F6}"
EndProject
Project("{FAE04EC0-301F-11D3-BF4B-00C04F79EFBC}") = "ChinookCore", "Examples\DotNetCore\ChinookCore\ChinookCore.csproj", "{A509DAB7-66F5-4992-A49B-FA06EF353408}"
EndProject
Project("{FAE04EC0-301F-11D3-BF4B-00C04F79EFBC}") = "ChinookCore.UnitTest", "Examples\DotNetCore\ChinookCore.UnitTest\ChinookCore.UnitTest.csproj", "{34A72756-3878-4DA8-B851-5A90680AFC20}"
EndProject
Project("{FAE04EC0-301F-11D3-BF4B-00C04F79EFBC}") = "ChinookFW", "Examples\DotNetFramework\ChinookFW\ChinookFW.csproj", "{26C83CBC-417A-4881-A83F-949FB4756C2D}"
EndProject
Project("{FAE04EC0-301F-11D3-BF4B-00C04F79EFBC}") = "ChinookFW.MP", "Examples\DotNetFramework\ChinookFW.MP\ChinookFW.MP.csproj", "{7832AC98-8B7B-4319-BC76-09D6AE3A273C}"
EndProject
Project("{FAE04EC0-301F-11D3-BF4B-00C04F79EFBC}") = "ChinookFW.UnitTest", "Examples\DotNetFramework\ChinookFW.UnitTest\ChinookFW.UnitTest.csproj", "{6192BCE4-936E-44C8-B0DC-94FDE14D1CDE}"
EndProject
Project("{FAE04EC0-301F-11D3-BF4B-00C04F79EFBC}") = "ChinookCore.MP", "Examples\DotNetCore\ChinookCore.MP\ChinookCore.MP.csproj", "{2AF68FB9-7733-4881-9351-0D314E119FD1}"
EndProject
Project("{FAE04EC0-301F-11D3-BF4B-00C04F79EFBC}") = "ChinookFW.Data", "Examples\DotNetFramework\ChinookFW.Data\ChinookFW.Data.csproj", "{52088D32-4E30-4838-AE10-F6F18EE35590}"
EndProject
Project("{2150E333-8FDC-42A3-9474-1A3956D46DE8}") = "documents", "documents", "{F05E9A56-AE46-4BD1-8353-709C6152D7E1}"
	ProjectSection(SolutionItems) = preProject
		README.md = README.md
	EndProjectSection
EndProject
Project("{2150E333-8FDC-42A3-9474-1A3956D46DE8}") = "images", "images", "{25066835-8799-4B0E-9765-CFFE666A096D}"
EndProject
Global
	GlobalSection(SolutionConfigurationPlatforms) = preSolution
		Debug|Any CPU = Debug|Any CPU
		Release|Any CPU = Release|Any CPU
	EndGlobalSection
	GlobalSection(ProjectConfigurationPlatforms) = postSolution
		{6255D760-E490-4139-90F0-EC5ED342BA38}.Debug|Any CPU.ActiveCfg = Debug|Any CPU
		{6255D760-E490-4139-90F0-EC5ED342BA38}.Debug|Any CPU.Build.0 = Debug|Any CPU
		{6255D760-E490-4139-90F0-EC5ED342BA38}.Release|Any CPU.ActiveCfg = Release|Any CPU
		{6255D760-E490-4139-90F0-EC5ED342BA38}.Release|Any CPU.Build.0 = Release|Any CPU
		{D86C0F9C-C322-4D7D-8141-FE79A5579051}.Debug|Any CPU.ActiveCfg = Debug|Any CPU
		{D86C0F9C-C322-4D7D-8141-FE79A5579051}.Debug|Any CPU.Build.0 = Debug|Any CPU
		{D86C0F9C-C322-4D7D-8141-FE79A5579051}.Release|Any CPU.ActiveCfg = Release|Any CPU
		{D86C0F9C-C322-4D7D-8141-FE79A5579051}.Release|Any CPU.Build.0 = Release|Any CPU
		{888C4B06-B330-4BD9-91CB-D0444312E2F6}.Debug|Any CPU.ActiveCfg = Debug|Any CPU
		{888C4B06-B330-4BD9-91CB-D0444312E2F6}.Debug|Any CPU.Build.0 = Debug|Any CPU
		{888C4B06-B330-4BD9-91CB-D0444312E2F6}.Release|Any CPU.ActiveCfg = Release|Any CPU
		{888C4B06-B330-4BD9-91CB-D0444312E2F6}.Release|Any CPU.Build.0 = Release|Any CPU
		{A509DAB7-66F5-4992-A49B-FA06EF353408}.Debug|Any CPU.ActiveCfg = Debug|Any CPU
		{A509DAB7-66F5-4992-A49B-FA06EF353408}.Debug|Any CPU.Build.0 = Debug|Any CPU
		{A509DAB7-66F5-4992-A49B-FA06EF353408}.Release|Any CPU.ActiveCfg = Release|Any CPU
		{A509DAB7-66F5-4992-A49B-FA06EF353408}.Release|Any CPU.Build.0 = Release|Any CPU
		{34A72756-3878-4DA8-B851-5A90680AFC20}.Debug|Any CPU.ActiveCfg = Debug|Any CPU
		{34A72756-3878-4DA8-B851-5A90680AFC20}.Debug|Any CPU.Build.0 = Debug|Any CPU
		{34A72756-3878-4DA8-B851-5A90680AFC20}.Release|Any CPU.ActiveCfg = Release|Any CPU
		{34A72756-3878-4DA8-B851-5A90680AFC20}.Release|Any CPU.Build.0 = Release|Any CPU
		{26C83CBC-417A-4881-A83F-949FB4756C2D}.Debug|Any CPU.ActiveCfg = Debug|Any CPU
		{26C83CBC-417A-4881-A83F-949FB4756C2D}.Debug|Any CPU.Build.0 = Debug|Any CPU
		{26C83CBC-417A-4881-A83F-949FB4756C2D}.Release|Any CPU.ActiveCfg = Release|Any CPU
		{26C83CBC-417A-4881-A83F-949FB4756C2D}.Release|Any CPU.Build.0 = Release|Any CPU
		{7832AC98-8B7B-4319-BC76-09D6AE3A273C}.Debug|Any CPU.ActiveCfg = Debug|Any CPU
		{7832AC98-8B7B-4319-BC76-09D6AE3A273C}.Debug|Any CPU.Build.0 = Debug|Any CPU
		{7832AC98-8B7B-4319-BC76-09D6AE3A273C}.Release|Any CPU.ActiveCfg = Release|Any CPU
		{7832AC98-8B7B-4319-BC76-09D6AE3A273C}.Release|Any CPU.Build.0 = Release|Any CPU
		{6192BCE4-936E-44C8-B0DC-94FDE14D1CDE}.Debug|Any CPU.ActiveCfg = Debug|Any CPU
		{6192BCE4-936E-44C8-B0DC-94FDE14D1CDE}.Debug|Any CPU.Build.0 = Debug|Any CPU
		{6192BCE4-936E-44C8-B0DC-94FDE14D1CDE}.Release|Any CPU.ActiveCfg = Release|Any CPU
		{6192BCE4-936E-44C8-B0DC-94FDE14D1CDE}.Release|Any CPU.Build.0 = Release|Any CPU
		{2AF68FB9-7733-4881-9351-0D314E119FD1}.Debug|Any CPU.ActiveCfg = Debug|Any CPU
		{2AF68FB9-7733-4881-9351-0D314E119FD1}.Debug|Any CPU.Build.0 = Debug|Any CPU
		{2AF68FB9-7733-4881-9351-0D314E119FD1}.Release|Any CPU.ActiveCfg = Release|Any CPU
		{2AF68FB9-7733-4881-9351-0D314E119FD1}.Release|Any CPU.Build.0 = Release|Any CPU
		{52088D32-4E30-4838-AE10-F6F18EE35590}.Debug|Any CPU.ActiveCfg = Debug|Any CPU
		{52088D32-4E30-4838-AE10-F6F18EE35590}.Debug|Any CPU.Build.0 = Debug|Any CPU
		{52088D32-4E30-4838-AE10-F6F18EE35590}.Release|Any CPU.ActiveCfg = Release|Any CPU
		{52088D32-4E30-4838-AE10-F6F18EE35590}.Release|Any CPU.Build.0 = Release|Any CPU
	EndGlobalSection
	GlobalSection(SolutionProperties) = preSolution
		HideSolutionNode = FALSE
	EndGlobalSection
	GlobalSection(NestedProjects) = preSolution
		{3B954EAA-ED99-4449-B6AB-98FB940A1BF8} = {B1863499-44A1-42C3-ADC5-24E1C6648D14}
		{01950B58-66E9-4C44-8463-E2D7D68B8278} = {B1863499-44A1-42C3-ADC5-24E1C6648D14}
		{888C4B06-B330-4BD9-91CB-D0444312E2F6} = {3B954EAA-ED99-4449-B6AB-98FB940A1BF8}
		{A509DAB7-66F5-4992-A49B-FA06EF353408} = {3B954EAA-ED99-4449-B6AB-98FB940A1BF8}
		{34A72756-3878-4DA8-B851-5A90680AFC20} = {3B954EAA-ED99-4449-B6AB-98FB940A1BF8}
		{26C83CBC-417A-4881-A83F-949FB4756C2D} = {01950B58-66E9-4C44-8463-E2D7D68B8278}
		{7832AC98-8B7B-4319-BC76-09D6AE3A273C} = {01950B58-66E9-4C44-8463-E2D7D68B8278}
		{6192BCE4-936E-44C8-B0DC-94FDE14D1CDE} = {01950B58-66E9-4C44-8463-E2D7D68B8278}
		{2AF68FB9-7733-4881-9351-0D314E119FD1} = {3B954EAA-ED99-4449-B6AB-98FB940A1BF8}
		{52088D32-4E30-4838-AE10-F6F18EE35590} = {01950B58-66E9-4C44-8463-E2D7D68B8278}
		{25066835-8799-4B0E-9765-CFFE666A096D} = {F05E9A56-AE46-4BD1-8353-709C6152D7E1}
	EndGlobalSection
	GlobalSection(ExtensibilityGlobals) = postSolution
		SolutionGuid = {75246F73-D910-416B-BEC3-9BF6D94CE3C9}
	EndGlobalSection
EndGlobal
