
Microsoft Visual Studio Solution File, Format Version 12.00
# Visual Studio Version 17
VisualStudioVersion = 17.4.33205.214
MinimumVisualStudioVersion = 10.0.40219.1
Project("{9A19103F-16F7-4668-BE54-9A1E7A4F7556}") = "Chinook.MP", "Chinook.MP.csproj", "{BFD9E5CC-32DA-4E69-9042-22CC230F0D0A}"
EndProject
Project("{9A19103F-16F7-4668-BE54-9A1E7A4F7556}") = "EFCoreCodeGenerator", "..\..\..\EFCoreCodeGenerator\EFCoreCodeGenerator.csproj", "{205ED5F4-1631-492D-B3C4-180847E1C108}"
EndProject
Global
	GlobalSection(SolutionConfigurationPlatforms) = preSolution
		Debug|Any CPU = Debug|Any CPU
		Release|Any CPU = Release|Any CPU
	EndGlobalSection
	GlobalSection(ProjectConfigurationPlatforms) = postSolution
		{BFD9E5CC-32DA-4E69-9042-22CC230F0D0A}.Debug|Any CPU.ActiveCfg = Debug|Any CPU
		{BFD9E5CC-32DA-4E69-9042-22CC230F0D0A}.Debug|Any CPU.Build.0 = Debug|Any CPU
		{BFD9E5CC-32DA-4E69-9042-22CC230F0D0A}.Release|Any CPU.ActiveCfg = Release|Any CPU
		{BFD9E5CC-32DA-4E69-9042-22CC230F0D0A}.Release|Any CPU.Build.0 = Release|Any CPU
		{205ED5F4-1631-492D-B3C4-180847E1C108}.Debug|Any CPU.ActiveCfg = Debug|Any CPU
		{205ED5F4-1631-492D-B3C4-180847E1C108}.Debug|Any CPU.Build.0 = Debug|Any CPU
		{205ED5F4-1631-492D-B3C4-180847E1C108}.Release|Any CPU.ActiveCfg = Release|Any CPU
		{205ED5F4-1631-492D-B3C4-180847E1C108}.Release|Any CPU.Build.0 = Release|Any CPU
	EndGlobalSection
	GlobalSection(SolutionProperties) = preSolution
		HideSolutionNode = FALSE
	EndGlobalSection
	GlobalSection(ExtensibilityGlobals) = postSolution
		SolutionGuid = {57B2FC71-9134-43D3-B362-ED96F87CE575}
	EndGlobalSection
EndGlobal
