
Microsoft Visual Studio Solution File, Format Version 12.00
# Visual Studio Version 17
VisualStudioVersion = 17.4.33205.214
MinimumVisualStudioVersion = 10.0.40219.1
Project("{9A19103F-16F7-4668-BE54-9A1E7A4F7556}") = "Chinook.MP", "Chinook.MP.csproj", "{4E46F1C8-EF30-4596-945F-074400E20753}"
EndProject
Project("{9A19103F-16F7-4668-BE54-9A1E7A4F7556}") = "EFCoreCodeGenerator", "..\..\..\EFCoreCodeGenerator\EFCoreCodeGenerator.csproj", "{F04DEEA2-D97D-4A57-A4F7-C8345EE3D415}"
EndProject
Global
	GlobalSection(SolutionConfigurationPlatforms) = preSolution
		Debug|Any CPU = Debug|Any CPU
		Release|Any CPU = Release|Any CPU
	EndGlobalSection
	GlobalSection(ProjectConfigurationPlatforms) = postSolution
		{4E46F1C8-EF30-4596-945F-074400E20753}.Debug|Any CPU.ActiveCfg = Debug|Any CPU
		{4E46F1C8-EF30-4596-945F-074400E20753}.Debug|Any CPU.Build.0 = Debug|Any CPU
		{4E46F1C8-EF30-4596-945F-074400E20753}.Release|Any CPU.ActiveCfg = Release|Any CPU
		{4E46F1C8-EF30-4596-945F-074400E20753}.Release|Any CPU.Build.0 = Release|Any CPU
		{F04DEEA2-D97D-4A57-A4F7-C8345EE3D415}.Debug|Any CPU.ActiveCfg = Debug|Any CPU
		{F04DEEA2-D97D-4A57-A4F7-C8345EE3D415}.Debug|Any CPU.Build.0 = Debug|Any CPU
		{F04DEEA2-D97D-4A57-A4F7-C8345EE3D415}.Release|Any CPU.ActiveCfg = Release|Any CPU
		{F04DEEA2-D97D-4A57-A4F7-C8345EE3D415}.Release|Any CPU.Build.0 = Release|Any CPU
	EndGlobalSection
	GlobalSection(SolutionProperties) = preSolution
		HideSolutionNode = FALSE
	EndGlobalSection
	GlobalSection(ExtensibilityGlobals) = postSolution
		SolutionGuid = {7FE1EF7B-40EA-4A54-8EBC-89D8014A65F3}
	EndGlobalSection
EndGlobal
